
Microsoft Visual Studio Solution File, Format Version 12.00
# Visual Studio Version 17
VisualStudioVersion = 17.14.36518.9 d17.14
MinimumVisualStudioVersion = 10.0.40219.1
Project("{FAE04EC0-301F-11D3-BF4B-00C04F79EFBC}") = "AzureTableMVCApp", "AzureTableMVCApp\AzureTableMVCApp.csproj", "{08D1D3A2-8557-47E7-80F6-114DCD703777}"
EndProject
Global
	GlobalSection(SolutionConfigurationPlatforms) = preSolution
		Debug|Any CPU = Debug|Any CPU
		Release|Any CPU = Release|Any CPU
	EndGlobalSection
	GlobalSection(ProjectConfigurationPlatforms) = postSolution
		{08D1D3A2-8557-47E7-80F6-114DCD703777}.Debug|Any CPU.ActiveCfg = Debug|Any CPU
		{08D1D3A2-8557-47E7-80F6-114DCD703777}.Debug|Any CPU.Build.0 = Debug|Any CPU
		{08D1D3A2-8557-47E7-80F6-114DCD703777}.Release|Any CPU.ActiveCfg = Release|Any CPU
		{08D1D3A2-8557-47E7-80F6-114DCD703777}.Release|Any CPU.Build.0 = Release|Any CPU
	EndGlobalSection
	GlobalSection(SolutionProperties) = preSolution
		HideSolutionNode = FALSE
	EndGlobalSection
	GlobalSection(ExtensibilityGlobals) = postSolution
		SolutionGuid = {AFDD3B27-5A2B-43B4-9513-E6EF1E1B4EED}
	EndGlobalSection
EndGlobal
